
Microsoft Visual Studio Solution File, Format Version 12.00
# Visual Studio Version 16
VisualStudioVersion = 16.0.31727.386
MinimumVisualStudioVersion = 10.0.40219.1
Project("{FAE04EC0-301F-11D3-BF4B-00C04F79EFBC}") = "TextUtil", "TextUtil\TextUtil.csproj", "{3EDC7F9D-D409-46A4-9D72-A9E0E3238AAD}"
EndProject
Global
	GlobalSection(SolutionConfigurationPlatforms) = preSolution
		Debug|Any CPU = Debug|Any CPU
		Release|Any CPU = Release|Any CPU
	EndGlobalSection
	GlobalSection(ProjectConfigurationPlatforms) = postSolution
		{3EDC7F9D-D409-46A4-9D72-A9E0E3238AAD}.Debug|Any CPU.ActiveCfg = Debug|Any CPU
		{3EDC7F9D-D409-46A4-9D72-A9E0E3238AAD}.Debug|Any CPU.Build.0 = Debug|Any CPU
		{3EDC7F9D-D409-46A4-9D72-A9E0E3238AAD}.Release|Any CPU.ActiveCfg = Release|Any CPU
		{3EDC7F9D-D409-46A4-9D72-A9E0E3238AAD}.Release|Any CPU.Build.0 = Release|Any CPU
	EndGlobalSection
	GlobalSection(SolutionProperties) = preSolution
		HideSolutionNode = FALSE
	EndGlobalSection
	GlobalSection(ExtensibilityGlobals) = postSolution
		SolutionGuid = {42DE3ACF-255B-43C4-BC6B-AF544FDFCA38}
	EndGlobalSection
EndGlobal
